
Microsoft Visual Studio Solution File, Format Version 12.00
# Visual Studio Version 17
VisualStudioVersion = 17.11.35327.3
MinimumVisualStudioVersion = 10.0.40219.1
Project("{8BC9CEB8-8B4A-11D0-8D11-00A0C91BC942}") = "Практическая работа 1. Работа с файлами", "Практическая работа 1. Работа с файлами\Практическая работа 1. Работа с файлами.vcxproj", "{3DB175DC-9998-4E09-B74B-CA0D8774890B}"
EndProject
Global
	GlobalSection(SolutionConfigurationPlatforms) = preSolution
		Debug|x64 = Debug|x64
		Debug|x86 = Debug|x86
		Release|x64 = Release|x64
		Release|x86 = Release|x86
	EndGlobalSection
	GlobalSection(ProjectConfigurationPlatforms) = postSolution
		{3DB175DC-9998-4E09-B74B-CA0D8774890B}.Debug|x64.ActiveCfg = Debug|x64
		{3DB175DC-9998-4E09-B74B-CA0D8774890B}.Debug|x64.Build.0 = Debug|x64
		{3DB175DC-9998-4E09-B74B-CA0D8774890B}.Debug|x86.ActiveCfg = Debug|Win32
		{3DB175DC-9998-4E09-B74B-CA0D8774890B}.Debug|x86.Build.0 = Debug|Win32
		{3DB175DC-9998-4E09-B74B-CA0D8774890B}.Release|x64.ActiveCfg = Release|x64
		{3DB175DC-9998-4E09-B74B-CA0D8774890B}.Release|x64.Build.0 = Release|x64
		{3DB175DC-9998-4E09-B74B-CA0D8774890B}.Release|x86.ActiveCfg = Release|Win32
		{3DB175DC-9998-4E09-B74B-CA0D8774890B}.Release|x86.Build.0 = Release|Win32
	EndGlobalSection
	GlobalSection(SolutionProperties) = preSolution
		HideSolutionNode = FALSE
	EndGlobalSection
	GlobalSection(ExtensibilityGlobals) = postSolution
		SolutionGuid = {8353CE86-E913-4754-ADDE-198BEC08D172}
	EndGlobalSection
EndGlobal
